{
  "name": "examples",
  "lockfileVersion": 3,
  "requires": true,
  "packages": {
    "": {
      "dependencies": {
        "pytron-client": "^0.2.1"
      }
    },
    "node_modules/pytron-client": {
      "version": "0.2.1",
      "resolved": "https://registry.npmjs.org/pytron-client/-/pytron-client-0.2.1.tgz",
      "integrity": "sha512-9cfKXFZGaDGKrqDvS1GYjB/TaF6dco7GSTsbTVdjRZxqygtimRSN8AJhjkXvgBXUYnDX/lR7bzfn+32aq/mk9Q==",
      "license": "ISC"
    }
  }
}
